
Microsoft Visual Studio Solution File, Format Version 12.00
# Visual Studio Version 17
VisualStudioVersion = 17.14.36414.22 d17.14
MinimumVisualStudioVersion = 10.0.40219.1
Project("{FAE04EC0-301F-11D3-BF4B-00C04F79EFBC}") = "AlimbekovDKIP481_LR_1", "AlimbekovDKIP481_LR_1.csproj", "{6F520F9D-D57F-4103-9C20-518BAC672019}"
EndProject
Global
	GlobalSection(SolutionConfigurationPlatforms) = preSolution
		Debug|Any CPU = Debug|Any CPU
		Release|Any CPU = Release|Any CPU
	EndGlobalSection
	GlobalSection(ProjectConfigurationPlatforms) = postSolution
		{6F520F9D-D57F-4103-9C20-518BAC672019}.Debug|Any CPU.ActiveCfg = Debug|Any CPU
		{6F520F9D-D57F-4103-9C20-518BAC672019}.Debug|Any CPU.Build.0 = Debug|Any CPU
		{6F520F9D-D57F-4103-9C20-518BAC672019}.Release|Any CPU.ActiveCfg = Release|Any CPU
		{6F520F9D-D57F-4103-9C20-518BAC672019}.Release|Any CPU.Build.0 = Release|Any CPU
	EndGlobalSection
	GlobalSection(SolutionProperties) = preSolution
		HideSolutionNode = FALSE
	EndGlobalSection
	GlobalSection(ExtensibilityGlobals) = postSolution
		SolutionGuid = {D30906C8-E59F-4AB5-AC56-E72946CBBA5F}
	EndGlobalSection
EndGlobal
