
Microsoft Visual Studio Solution File, Format Version 12.00
# Visual Studio Version 17
VisualStudioVersion = 17.14.36202.13 d17.14
MinimumVisualStudioVersion = 10.0.40219.1
Project("{FAE04EC0-301F-11D3-BF4B-00C04F79EFBC}") = "Alimbekov_dkiip481_4lr", "Alimbekov_dkiip481_4lr.csproj", "{98D1212C-4D1F-4B06-BBA2-C40930FF2453}"
EndProject
Global
	GlobalSection(SolutionConfigurationPlatforms) = preSolution
		Debug|Any CPU = Debug|Any CPU
		Release|Any CPU = Release|Any CPU
	EndGlobalSection
	GlobalSection(ProjectConfigurationPlatforms) = postSolution
		{98D1212C-4D1F-4B06-BBA2-C40930FF2453}.Debug|Any CPU.ActiveCfg = Debug|Any CPU
		{98D1212C-4D1F-4B06-BBA2-C40930FF2453}.Debug|Any CPU.Build.0 = Debug|Any CPU
		{98D1212C-4D1F-4B06-BBA2-C40930FF2453}.Release|Any CPU.ActiveCfg = Release|Any CPU
		{98D1212C-4D1F-4B06-BBA2-C40930FF2453}.Release|Any CPU.Build.0 = Release|Any CPU
	EndGlobalSection
	GlobalSection(SolutionProperties) = preSolution
		HideSolutionNode = FALSE
	EndGlobalSection
	GlobalSection(ExtensibilityGlobals) = postSolution
		SolutionGuid = {259657A7-6ADB-483D-9FD5-A59DC6F6FC14}
	EndGlobalSection
EndGlobal
