
Microsoft Visual Studio Solution File, Format Version 12.00
# Visual Studio Version 17
VisualStudioVersion = 17.14.36202.13 d17.14
MinimumVisualStudioVersion = 10.0.40219.1
Project("{FAE04EC0-301F-11D3-BF4B-00C04F79EFBC}") = "test", "test.csproj", "{65F0F7C1-05C7-4AA2-981E-99535AE82EDE}"
EndProject
Global
	GlobalSection(SolutionConfigurationPlatforms) = preSolution
		Debug|Any CPU = Debug|Any CPU
		Release|Any CPU = Release|Any CPU
	EndGlobalSection
	GlobalSection(ProjectConfigurationPlatforms) = postSolution
		{65F0F7C1-05C7-4AA2-981E-99535AE82EDE}.Debug|Any CPU.ActiveCfg = Debug|Any CPU
		{65F0F7C1-05C7-4AA2-981E-99535AE82EDE}.Debug|Any CPU.Build.0 = Debug|Any CPU
		{65F0F7C1-05C7-4AA2-981E-99535AE82EDE}.Release|Any CPU.ActiveCfg = Release|Any CPU
		{65F0F7C1-05C7-4AA2-981E-99535AE82EDE}.Release|Any CPU.Build.0 = Release|Any CPU
	EndGlobalSection
	GlobalSection(SolutionProperties) = preSolution
		HideSolutionNode = FALSE
	EndGlobalSection
	GlobalSection(ExtensibilityGlobals) = postSolution
		SolutionGuid = {B26DC42C-FAC4-4314-97EA-E4BB63AA6A91}
	EndGlobalSection
EndGlobal
