
Microsoft Visual Studio Solution File, Format Version 12.00
# Visual Studio Version 17
VisualStudioVersion = 17.14.36202.13 d17.14
MinimumVisualStudioVersion = 10.0.40219.1
Project("{FAE04EC0-301F-11D3-BF4B-00C04F79EFBC}") = "4_2", "4_2.csproj", "{81EC29D9-2DCE-4B31-AD6C-2EED95E2CEAF}"
EndProject
Global
	GlobalSection(SolutionConfigurationPlatforms) = preSolution
		Debug|Any CPU = Debug|Any CPU
		Release|Any CPU = Release|Any CPU
	EndGlobalSection
	GlobalSection(ProjectConfigurationPlatforms) = postSolution
		{81EC29D9-2DCE-4B31-AD6C-2EED95E2CEAF}.Debug|Any CPU.ActiveCfg = Debug|Any CPU
		{81EC29D9-2DCE-4B31-AD6C-2EED95E2CEAF}.Debug|Any CPU.Build.0 = Debug|Any CPU
		{81EC29D9-2DCE-4B31-AD6C-2EED95E2CEAF}.Release|Any CPU.ActiveCfg = Release|Any CPU
		{81EC29D9-2DCE-4B31-AD6C-2EED95E2CEAF}.Release|Any CPU.Build.0 = Release|Any CPU
	EndGlobalSection
	GlobalSection(SolutionProperties) = preSolution
		HideSolutionNode = FALSE
	EndGlobalSection
	GlobalSection(ExtensibilityGlobals) = postSolution
		SolutionGuid = {3367C108-ED1A-4340-ABE1-AC703A17685D}
	EndGlobalSection
EndGlobal
